// !$*UTF8*$!
{
	archiveVersion = 1;
	classes = {
	};
	objectVersion = 77;
	objects = {

/* Begin PBXContainerItemProxy section */
		22F02EF22DDF30A60091E74A /* PBXContainerItemProxy */ = {
			isa = PBXContainerItemProxy;
			containerPortal = 22F02ED32DDF30A50091E74A /* Project object */;
			proxyType = 1;
			remoteGlobalIDString = 22F02EDA2DDF30A50091E74A;
			remoteInfo = "Test-iOS";
		};
		22F02EFC2DDF30A60091E74A /* PBXContainerItemProxy */ = {
			isa = PBXContainerItemProxy;
			containerPortal = 22F02ED32DDF30A50091E74A /* Project object */;
			proxyType = 1;
			remoteGlobalIDString = 22F02EDA2DDF30A50091E74A;
			remoteInfo = "Test-iOS";
		};
/* End PBXContainerItemProxy section */

/* Begin PBXFileReference section */
		22F02EDB2DDF30A50091E74A /* Test-iOS.app */ = {isa = PBXFileReference; explicitFileType = wrapper.application; includeInIndex = 0; path = "Test-iOS.app"; sourceTree = BUILT_PRODUCTS_DIR; };
		22F02EF12DDF30A60091E74A /* Test-iOSTests.xctest */ = {isa = PBXFileReference; explicitFileType = wrapper.cfbundle; includeInIndex = 0; path = "Test-iOSTests.xctest"; sourceTree = BUILT_PRODUCTS_DIR; };
		22F02EFB2DDF30A60091E74A /* Test-iOSUITests.xctest */ = {isa = PBXFileReference; explicitFileType = wrapper.cfbundle; includeInIndex = 0; path = "Test-iOSUITests.xctest"; sourceTree = BUILT_PRODUCTS_DIR; };
/* End PBXFileReference section */

/* Begin PBXFileSystemSynchronizedBuildFileExceptionSet section */
		22FA120E2DFB14ED000BBE0E /* Exceptions for "Test-iOS" folder in "Test-iOS" target */ = {
			isa = PBXFileSystemSynchronizedBuildFileExceptionSet;
			membershipExceptions = (
				Info.plist,
			);
			target = 22F02EDA2DDF30A50091E74A /* Test-iOS */;
		};
/* End PBXFileSystemSynchronizedBuildFileExceptionSet section */

/* Begin PBXFileSystemSynchronizedRootGroup section */
		22F02EDD2DDF30A50091E74A /* Test-iOS */ = {
			isa = PBXFileSystemSynchronizedRootGroup;
			exceptions = (
				22FA120E2DFB14ED000BBE0E /* Exceptions for "Test-iOS" folder in "Test-iOS" target */,
			);
			path = "Test-iOS";
			sourceTree = "<group>";
		};
		22F02EF42DDF30A60091E74A /* Test-iOSTests */ = {
			isa = PBXFileSystemSynchronizedRootGroup;
			path = "Test-iOSTests";
			sourceTree = "<group>";
		};
		22F02EFE2DDF30A60091E74A /* Test-iOSUITests */ = {
			isa = PBXFileSystemSynchronizedRootGroup;
			path = "Test-iOSUITests";
			sourceTree = "<group>";
		};
/* End PBXFileSystemSynchronizedRootGroup section */

/* Begin PBXFrameworksBuildPhase section */
		22F02ED82DDF30A50091E74A /* Frameworks */ = {
			isa = PBXFrameworksBuildPhase;
			buildActionMask = 2147483647;
			files = (
			);
			runOnlyForDeploymentPostprocessing = 0;
		};
		22F02EEE2DDF30A60091E74A /* Frameworks */ = {
			isa = PBXFrameworksBuildPhase;
			buildActionMask = 2147483647;
			files = (
			);
			runOnlyForDeploymentPostprocessing = 0;
		};
		22F02EF82DDF30A60091E74A /* Frameworks */ = {
			isa = PBXFrameworksBuildPhase;
			buildActionMask = 2147483647;
			files = (
			);
			runOnlyForDeploymentPostprocessing = 0;
		};
/* End PBXFrameworksBuildPhase section */

/* Begin PBXGroup section */
		22F02ED22DDF30A50091E74A = {
			isa = PBXGroup;
			children = (
				22F02EDD2DDF30A50091E74A /* Test-iOS */,
				22F02EF42DDF30A60091E74A /* Test-iOSTests */,
				22F02EFE2DDF30A60091E74A /* Test-iOSUITests */,
				22F02EDC2DDF30A50091E74A /* Products */,
			);
			sourceTree = "<group>";
		};
		22F02EDC2DDF30A50091E74A /* Products */ = {
			isa = PBXGroup;
			children = (
				22F02EDB2DDF30A50091E74A /* Test-iOS.app */,
				22F02EF12DDF30A60091E74A /* Test-iOSTests.xctest */,
				22F02EFB2DDF30A60091E74A /* Test-iOSUITests.xctest */,
			);
			name = Products;
			sourceTree = "<group>";
		};
/* End PBXGroup section */

/* Begin PBXNativeTarget section */
		22F02EDA2DDF30A50091E74A /* Test-iOS */ = {
			isa = PBXNativeTarget;
			buildConfigurationList = 22F02F042DDF30A60091E74A /* Build configuration list for PBXNativeTarget "Test-iOS" */;
			buildPhases = (
				22F02ED72DDF30A50091E74A /* Sources */,
				22F02ED82DDF30A50091E74A /* Frameworks */,
				22F02ED92DDF30A50091E74A /* Resources */,
			);
			buildRules = (
			);
			dependencies = (
			);
			fileSystemSynchronizedGroups = (
				22F02EDD2DDF30A50091E74A /* Test-iOS */,
			);
			name = "Test-iOS";
			packageProductDependencies = (
			);
			productName = "Test-iOS";
			productReference = 22F02EDB2DDF30A50091E74A /* Test-iOS.app */;
			productType = "com.apple.product-type.application";
		};
		22F02EF02DDF30A60091E74A /* Test-iOSTests */ = {
			isa = PBXNativeTarget;
			buildConfigurationList = 22F02F092DDF30A60091E74A /* Build configuration list for PBXNativeTarget "Test-iOSTests" */;
			buildPhases = (
				22F02EED2DDF30A60091E74A /* Sources */,
				22F02EEE2DDF30A60091E74A /* Frameworks */,
				22F02EEF2DDF30A60091E74A /* Resources */,
			);
			buildRules = (
			);
			dependencies = (
				22F02EF32DDF30A60091E74A /* PBXTargetDependency */,
			);
			fileSystemSynchronizedGroups = (
				22F02EF42DDF30A60091E74A /* Test-iOSTests */,
			);
			name = "Test-iOSTests";
			packageProductDependencies = (
			);
			productName = "Test-iOSTests";
			productReference = 22F02EF12DDF30A60091E74A /* Test-iOSTests.xctest */;
			productType = "com.apple.product-type.bundle.unit-test";
		};
		22F02EFA2DDF30A60091E74A /* Test-iOSUITests */ = {
			isa = PBXNativeTarget;
			buildConfigurationList = 22F02F0C2DDF30A60091E74A /* Build configuration list for PBXNativeTarget "Test-iOSUITests" */;
			buildPhases = (
				22F02EF72DDF30A60091E74A /* Sources */,
				22F02EF82DDF30A60091E74A /* Frameworks */,
				22F02EF92DDF30A60091E74A /* Resources */,
			);
			buildRules = (
			);
			dependencies = (
				22F02EFD2DDF30A60091E74A /* PBXTargetDependency */,
			);
			fileSystemSynchronizedGroups = (
				22F02EFE2DDF30A60091E74A /* Test-iOSUITests */,
			);
			name = "Test-iOSUITests";
			packageProductDependencies = (
			);
			productName = "Test-iOSUITests";
			productReference = 22F02EFB2DDF30A60091E74A /* Test-iOSUITests.xctest */;
			productType = "com.apple.product-type.bundle.ui-testing";
		};
/* End PBXNativeTarget section */

/* Begin PBXProject section */
		22F02ED32DDF30A50091E74A /* Project object */ = {
			isa = PBXProject;
			attributes = {
				BuildIndependentTargetsInParallel = 1;
				LastSwiftUpdateCheck = 1630;
				LastUpgradeCheck = 1630;
				TargetAttributes = {
					22F02EDA2DDF30A50091E74A = {
						CreatedOnToolsVersion = 16.3;
					};
					22F02EF02DDF30A60091E74A = {
						CreatedOnToolsVersion = 16.3;
						TestTargetID = 22F02EDA2DDF30A50091E74A;
					};
					22F02EFA2DDF30A60091E74A = {
						CreatedOnToolsVersion = 16.3;
						TestTargetID = 22F02EDA2DDF30A50091E74A;
					};
				};
			};
			buildConfigurationList = 22F02ED62DDF30A50091E74A /* Build configuration list for PBXProject "Test-iOS" */;
			developmentRegion = en;
			hasScannedForEncodings = 0;
			knownRegions = (
				en,
				Base,
			);
			mainGroup = 22F02ED22DDF30A50091E74A;
			minimizedProjectReferenceProxies = 1;
			preferredProjectObjectVersion = 77;
			productRefGroup = 22F02EDC2DDF30A50091E74A /* Products */;
			projectDirPath = "";
			projectRoot = "";
			targets = (
				22F02EDA2DDF30A50091E74A /* Test-iOS */,
				22F02EF02DDF30A60091E74A /* Test-iOSTests */,
				22F02EFA2DDF30A60091E74A /* Test-iOSUITests */,
			);
		};
/* End PBXProject section */

/* Begin PBXResourcesBuildPhase section */
		22F02ED92DDF30A50091E74A /* Resources */ = {
			isa = PBXResourcesBuildPhase;
			buildActionMask = 2147483647;
			files = (
			);
			runOnlyForDeploymentPostprocessing = 0;
		};
		22F02EEF2DDF30A60091E74A /* Resources */ = {
			isa = PBXResourcesBuildPhase;
			buildActionMask = 2147483647;
			files = (
			);
			runOnlyForDeploymentPostprocessing = 0;
		};
		22F02EF92DDF30A60091E74A /* Resources */ = {
			isa = PBXResourcesBuildPhase;
			buildActionMask = 2147483647;
			files = (
			);
			runOnlyForDeploymentPostprocessing = 0;
		};
/* End PBXResourcesBuildPhase section */

/* Begin PBXSourcesBuildPhase section */
		22F02ED72DDF30A50091E74A /* Sources */ = {
			isa = PBXSourcesBuildPhase;
			buildActionMask = 2147483647;
			files = (
			);
			runOnlyForDeploymentPostprocessing = 0;
		};
		22F02EED2DDF30A60091E74A /* Sources */ = {
			isa = PBXSourcesBuildPhase;
			buildActionMask = 2147483647;
			files = (
			);
			runOnlyForDeploymentPostprocessing = 0;
		};
		22F02EF72DDF30A60091E74A /* Sources */ = {
			isa = PBXSourcesBuildPhase;
			buildActionMask = 2147483647;
			files = (
			);
			runOnlyForDeploymentPostprocessing = 0;
		};
/* End PBXSourcesBuildPhase section */

/* Begin PBXTargetDependency section */
		22F02EF32DDF30A60091E74A /* PBXTargetDependency */ = {
			isa = PBXTargetDependency;
			target = 22F02EDA2DDF30A50091E74A /* Test-iOS */;
			targetProxy = 22F02EF22DDF30A60091E74A /* PBXContainerItemProxy */;
		};
		22F02EFD2DDF30A60091E74A /* PBXTargetDependency */ = {
			isa = PBXTargetDependency;
			target = 22F02EDA2DDF30A50091E74A /* Test-iOS */;
			targetProxy = 22F02EFC2DDF30A60091E74A /* PBXContainerItemProxy */;
		};
/* End PBXTargetDependency section */

/* Begin XCBuildConfiguration section */
		22F02F052DDF30A60091E74A /* Debug */ = {
			isa = XCBuildConfiguration;
			buildSettings = {
				ASSETCATALOG_COMPILER_APPICON_NAME = AppIcon;
				ASSETCATALOG_COMPILER_GLOBAL_ACCENT_COLOR_NAME = AccentColor;
				CODE_SIGN_STYLE = Automatic;
				CURRENT_PROJECT_VERSION = 1;
				DEVELOPMENT_TEAM = M36XFDL7WB;
				GENERATE_INFOPLIST_FILE = YES;
				INFOPLIST_FILE = "Test-iOS/Info.plist";
				INFOPLIST_KEY_CFBundleDisplayName = BluTxt;
				INFOPLIST_KEY_NSBluetoothAlwaysUsageDescription = "BluTxt requires Bluetooth to function";
				INFOPLIST_KEY_NSBluetoothPeripheralUsageDescription = "BluTxt requires Bluetooth to function";
				INFOPLIST_KEY_UIApplicationSupportsIndirectInputEvents = YES;
				INFOPLIST_KEY_UISupportedInterfaceOrientations_iPad = "UIInterfaceOrientationPortrait UIInterfaceOrientationPortraitUpsideDown UIInterfaceOrientationLandscapeLeft UIInterfaceOrientationLandscapeRight";
				INFOPLIST_KEY_UISupportedInterfaceOrientations_iPhone = "UIInterfaceOrientationPortrait UIInterfaceOrientationLandscapeLeft UIInterfaceOrientationLandscapeRight";
				IPHONEOS_DEPLOYMENT_TARGET = 18.0;
				LD_RUNPATH_SEARCH_PATHS = (
					"$(inherited)",
					"@executable_path/Frameworks",
				);
				MARKETING_VERSION = 1.0;
				PRODUCT_BUNDLE_IDENTIFIER = "iOS.FatCat.Test-iOS";
				PRODUCT_NAME = "$(TARGET_NAME)";
				SWIFT_EMIT_LOC_STRINGS = YES;
				SWIFT_VERSION = 5.0;
				TARGETED_DEVICE_FAMILY = "1,2";
			};
			name = Debug;
		};
		22F02F062DDF30A60091E74A /* Release */ = {
			isa = XCBuildConfiguration;
			buildSettings = {
				ASSETCATALOG_COMPILER_APPICON_NAME = AppIcon;
				ASSETCATALOG_COMPILER_GLOBAL_ACCENT_COLOR_NAME = AccentColor;
				CODE_SIGN_STYLE = Automatic;
				CURRENT_PROJECT_VERSION = 1;
				DEVELOPMENT_TEAM = M36XFDL7WB;
				GENERATE_INFOPLIST_FILE = YES;
				INFOPLIST_FILE = "Test-iOS/Info.plist";
				INFOPLIST_KEY_CFBundleDisplayName = BluTxt;
				INFOPLIST_KEY_NSBluetoothAlwaysUsageDescription = "BluTxt requires Bluetooth to function";
				INFOPLIST_KEY_NSBluetoothPeripheralUsageDescription = "BluTxt requires Bluetooth to function";
				INFOPLIST_KEY_UIApplicationSupportsIndirectInputEvents = YES;
				INFOPLIST_KEY_UISupportedInterfaceOrientations_iPad = "UIInterfaceOrientationPortrait UIInterfaceOrientationPortraitUpsideDown UIInterfaceOrientationLandscapeLeft UIInterfaceOrientationLandscapeRight";
				INFOPLIST_KEY_UISupportedInterfaceOrientations_iPhone = "UIInterfaceOrientationPortrait UIInterfaceOrientationLandscapeLeft UIInterfaceOrientationLandscapeRight";
				IPHONEOS_DEPLOYMENT_TARGET = 18.0;
				LD_RUNPATH_SEARCH_PATHS = (
					"$(inherited)",
					"@executable_path/Frameworks",
				);
				MARKETING_VERSION = 1.0;
				PRODUCT_BUNDLE_IDENTIFIER = "iOS.FatCat.Test-iOS";
				PRODUCT_NAME = "$(TARGET_NAME)";
				SWIFT_EMIT_LOC_STRINGS = YES;
				SWIFT_VERSION = 5.0;
				TARGETED_DEVICE_FAMILY = "1,2";
			};
			name = Release;
		};
		22F02F072DDF30A60091E74A /* Debug */ = {
			isa = XCBuildConfiguration;
			buildSettings = {
				ALWAYS_SEARCH_USER_PATHS = NO;
				ASSETCATALOG_COMPILER_GENERATE_SWIFT_ASSET_SYMBOL_EXTENSIONS = YES;
				CLANG_ANALYZER_NONNULL = YES;
				CLANG_ANALYZER_NUMBER_OBJECT_CONVERSION = YES_AGGRESSIVE;
				CLANG_CXX_LANGUAGE_STANDARD = "gnu++20";
				CLANG_ENABLE_MODULES = YES;
				CLANG_ENABLE_OBJC_ARC = YES;
				CLANG_ENABLE_OBJC_WEAK = YES;
				CLANG_WARN_BLOCK_CAPTURE_AUTORELEASING = YES;
				CLANG_WARN_BOOL_CONVERSION = YES;
				CLANG_WARN_COMMA = YES;
				CLANG_WARN_CONSTANT_CONVERSION = YES;
				CLANG_WARN_DEPRECATED_OBJC_IMPLEMENTATIONS = YES;
				CLANG_WARN_DIRECT_OBJC_ISA_USAGE = YES_ERROR;
				CLANG_WARN_DOCUMENTATION_COMMENTS = YES;
				CLANG_WARN_EMPTY_BODY = YES;
				CLANG_WARN_ENUM_CONVERSION = YES;
				CLANG_WARN_INFINITE_RECURSION = YES;
				CLANG_WARN_INT_CONVERSION = YES;
				CLANG_WARN_NON_LITERAL_NULL_CONVERSION = YES;
				CLANG_WARN_OBJC_IMPLICIT_RETAIN_SELF = YES;
				CLANG_WARN_OBJC_LITERAL_CONVERSION = YES;
				CLANG_WARN_OBJC_ROOT_CLASS = YES_ERROR;
				CLANG_WARN_QUOTED_INCLUDE_IN_FRAMEWORK_HEADER = YES;
				CLANG_WARN_RANGE_LOOP_ANALYSIS = YES;
				CLANG_WARN_STRICT_PROTOTYPES = YES;
				CLANG_WARN_SUSPICIOUS_MOVE = YES;
				CLANG_WARN_UNGUARDED_AVAILABILITY = YES_AGGRESSIVE;
				CLANG_WARN_UNREACHABLE_CODE = YES;
				CLANG_WARN__DUPLICATE_METHOD_MATCH = YES;
				COPY_PHASE_STRIP = NO;
				DEBUG_INFORMATION_FORMAT = dwarf;
				DEVELOPMENT_TEAM = M36XFDL7WB;
				ENABLE_STRICT_OBJC_MSGSEND = YES;
				ENABLE_TESTABILITY = YES;
				ENABLE_USER_SCRIPT_SANDBOXING = YES;
				GCC_C_LANGUAGE_STANDARD = gnu17;
				GCC_DYNAMIC_NO_PIC = NO;
				GCC_NO_COMMON_BLOCKS = YES;
				GCC_OPTIMIZATION_LEVEL = 0;
				GCC_PREPROCESSOR_DEFINITIONS = (
					"DEBUG=1",
					"$(inherited)",
				);
				GCC_WARN_64_TO_32_BIT_CONVERSION = YES;
				GCC_WARN_ABOUT_RETURN_TYPE = YES_ERROR;
				GCC_WARN_UNDECLARED_SELECTOR = YES;
				GCC_WARN_UNINITIALIZED_AUTOS = YES_AGGRESSIVE;
				GCC_WARN_UNUSED_FUNCTION = YES;
				GCC_WARN_UNUSED_VARIABLE = YES;
				IPHONEOS_DEPLOYMENT_TARGET = 18.4;
				LOCALIZATION_PREFERS_STRING_CATALOGS = YES;
				MTL_ENABLE_DEBUG_INFO = INCLUDE_SOURCE;
				MTL_FAST_MATH = YES;
				ONLY_ACTIVE_ARCH = YES;
				SDKROOT = iphoneos;
				SWIFT_ACTIVE_COMPILATION_CONDITIONS = "DEBUG $(inherited)";
				SWIFT_OPTIMIZATION_LEVEL = "-Onone";
			};
			name = Debug;
		};
		22F02F082DDF30A60091E74A /* Release */ = {
			isa = XCBuildConfiguration;
			buildSettings = {
				ALWAYS_SEARCH_USER_PATHS = NO;
				ASSETCATALOG_COMPILER_GENERATE_SWIFT_ASSET_SYMBOL_EXTENSIONS = YES;
				CLANG_ANALYZER_NONNULL = YES;
				CLANG_ANALYZER_NUMBER_OBJECT_CONVERSION = YES_AGGRESSIVE;
				CLANG_CXX_LANGUAGE_STANDARD = "gnu++20";
				CLANG_ENABLE_MODULES = YES;
				CLANG_ENABLE_OBJC_ARC = YES;
				CLANG_ENABLE_OBJC_WEAK = YES;
				CLANG_WARN_BLOCK_CAPTURE_AUTORELEASING = YES;
				CLANG_WARN_BOOL_CONVERSION = YES;
				CLANG_WARN_COMMA = YES;
				CLANG_WARN_CONSTANT_CONVERSION = YES;
				CLANG_WARN_DEPRECATED_OBJC_IMPLEMENTATIONS = YES;
				CLANG_WARN_DIRECT_OBJC_ISA_USAGE = YES_ERROR;
				CLANG_WARN_DOCUMENTATION_COMMENTS = YES;
				CLANG_WARN_EMPTY_BODY = YES;
				CLANG_WARN_ENUM_CONVERSION = YES;
				CLANG_WARN_INFINITE_RECURSION = YES;
				CLANG_WARN_INT_CONVERSION = YES;
				CLANG_WARN_NON_LITERAL_NULL_CONVERSION = YES;
				CLANG_WARN_OBJC_IMPLICIT_RETAIN_SELF = YES;
				CLANG_WARN_OBJC_LITERAL_CONVERSION = YES;
				CLANG_WARN_OBJC_ROOT_CLASS = YES_ERROR;
				CLANG_WARN_QUOTED_INCLUDE_IN_FRAMEWORK_HEADER = YES;
				CLANG_WARN_RANGE_LOOP_ANALYSIS = YES;
				CLANG_WARN_STRICT_PROTOTYPES = YES;
				CLANG_WARN_SUSPICIOUS_MOVE = YES;
				CLANG_WARN_UNGUARDED_AVAILABILITY = YES_AGGRESSIVE;
				CLANG_WARN_UNREACHABLE_CODE = YES;
				CLANG_WARN__DUPLICATE_METHOD_MATCH = YES;
				COPY_PHASE_STRIP = NO;
				DEBUG_INFORMATION_FORMAT = "dwarf-with-dsym";
				DEVELOPMENT_TEAM = M36XFDL7WB;
				ENABLE_NS_ASSERTIONS = NO;
				ENABLE_STRICT_OBJC_MSGSEND = YES;
				ENABLE_USER_SCRIPT_SANDBOXING = YES;
				GCC_C_LANGUAGE_STANDARD = gnu17;
				GCC_NO_COMMON_BLOCKS = YES;
				GCC_WARN_64_TO_32_BIT_CONVERSION = YES;
				GCC_WARN_ABOUT_RETURN_TYPE = YES_ERROR;
				GCC_WARN_UNDECLARED_SELECTOR = YES;
				GCC_WARN_UNINITIALIZED_AUTOS = YES_AGGRESSIVE;
				GCC_WARN_UNUSED_FUNCTION = YES;
				GCC_WARN_UNUSED_VARIABLE = YES;
				IPHONEOS_DEPLOYMENT_TARGET = 18.4;
				LOCALIZATION_PREFERS_STRING_CATALOGS = YES;
				MTL_ENABLE_DEBUG_INFO = NO;
				MTL_FAST_MATH = YES;
				SDKROOT = iphoneos;
				SWIFT_COMPILATION_MODE = wholemodule;
				VALIDATE_PRODUCT = YES;
			};
			name = Release;
		};
		22F02F0A2DDF30A60091E74A /* Debug */ = {
			isa = XCBuildConfiguration;
			buildSettings = {
				BUNDLE_LOADER = "$(TEST_HOST)";
				CODE_SIGN_STYLE = Automatic;
				CURRENT_PROJECT_VERSION = 1;
				DEVELOPMENT_TEAM = M36XFDL7WB;
				GENERATE_INFOPLIST_FILE = YES;
				IPHONEOS_DEPLOYMENT_TARGET = 18.4;
				MARKETING_VERSION = 1.0;
				PRODUCT_BUNDLE_IDENTIFIER = "iOS.FatCat.Test-iOSTests";
				PRODUCT_NAME = "$(TARGET_NAME)";
				SWIFT_EMIT_LOC_STRINGS = NO;
				SWIFT_VERSION = 5.0;
				TARGETED_DEVICE_FAMILY = "1,2";
				TEST_HOST = "$(BUILT_PRODUCTS_DIR)/Test-iOS.app/$(BUNDLE_EXECUTABLE_FOLDER_PATH)/Test-iOS";
			};
			name = Debug;
		};
		22F02F0B2DDF30A60091E74A /* Release */ = {
			isa = XCBuildConfiguration;
			buildSettings = {
				BUNDLE_LOADER = "$(TEST_HOST)";
				CODE_SIGN_STYLE = Automatic;
				CURRENT_PROJECT_VERSION = 1;
				DEVELOPMENT_TEAM = M36XFDL7WB;
				GENERATE_INFOPLIST_FILE = YES;
				IPHONEOS_DEPLOYMENT_TARGET = 18.4;
				MARKETING_VERSION = 1.0;
				PRODUCT_BUNDLE_IDENTIFIER = "iOS.FatCat.Test-iOSTests";
				PRODUCT_NAME = "$(TARGET_NAME)";
				SWIFT_EMIT_LOC_STRINGS = NO;
				SWIFT_VERSION = 5.0;
				TARGETED_DEVICE_FAMILY = "1,2";
				TEST_HOST = "$(BUILT_PRODUCTS_DIR)/Test-iOS.app/$(BUNDLE_EXECUTABLE_FOLDER_PATH)/Test-iOS";
			};
			name = Release;
		};
		22F02F0D2DDF30A60091E74A /* Debug */ = {
			isa = XCBuildConfiguration;
			buildSettings = {
				CODE_SIGN_STYLE = Automatic;
				CURRENT_PROJECT_VERSION = 1;
				DEVELOPMENT_TEAM = M36XFDL7WB;
				GENERATE_INFOPLIST_FILE = YES;
				MARKETING_VERSION = 1.0;
				PRODUCT_BUNDLE_IDENTIFIER = "iOS.FatCat.Test-iOSUITests";
				PRODUCT_NAME = "$(TARGET_NAME)";
				SWIFT_EMIT_LOC_STRINGS = NO;
				SWIFT_VERSION = 5.0;
				TARGETED_DEVICE_FAMILY = "1,2";
				TEST_TARGET_NAME = "Test-iOS";
			};
			name = Debug;
		};
		22F02F0E2DDF30A60091E74A /* Release */ = {
			isa = XCBuildConfiguration;
			buildSettings = {
				CODE_SIGN_STYLE = Automatic;
				CURRENT_PROJECT_VERSION = 1;
				DEVELOPMENT_TEAM = M36XFDL7WB;
				GENERATE_INFOPLIST_FILE = YES;
				MARKETING_VERSION = 1.0;
				PRODUCT_BUNDLE_IDENTIFIER = "iOS.FatCat.Test-iOSUITests";
				PRODUCT_NAME = "$(TARGET_NAME)";
				SWIFT_EMIT_LOC_STRINGS = NO;
				SWIFT_VERSION = 5.0;
				TARGETED_DEVICE_FAMILY = "1,2";
				TEST_TARGET_NAME = "Test-iOS";
			};
			name = Release;
		};
/* End XCBuildConfiguration section */

/* Begin XCConfigurationList section */
		22F02ED62DDF30A50091E74A /* Build configuration list for PBXProject "Test-iOS" */ = {
			isa = XCConfigurationList;
			buildConfigurations = (
				22F02F072DDF30A60091E74A /* Debug */,
				22F02F082DDF30A60091E74A /* Release */,
			);
			defaultConfigurationIsVisible = 0;
			defaultConfigurationName = Release;
		};
		22F02F042DDF30A60091E74A /* Build configuration list for PBXNativeTarget "Test-iOS" */ = {
			isa = XCConfigurationList;
			buildConfigurations = (
				22F02F052DDF30A60091E74A /* Debug */,
				22F02F062DDF30A60091E74A /* Release */,
			);
			defaultConfigurationIsVisible = 0;
			defaultConfigurationName = Release;
		};
		22F02F092DDF30A60091E74A /* Build configuration list for PBXNativeTarget "Test-iOSTests" */ = {
			isa = XCConfigurationList;
			buildConfigurations = (
				22F02F0A2DDF30A60091E74A /* Debug */,
				22F02F0B2DDF30A60091E74A /* Release */,
			);
			defaultConfigurationIsVisible = 0;
			defaultConfigurationName = Release;
		};
		22F02F0C2DDF30A60091E74A /* Build configuration list for PBXNativeTarget "Test-iOSUITests" */ = {
			isa = XCConfigurationList;
			buildConfigurations = (
				22F02F0D2DDF30A60091E74A /* Debug */,
				22F02F0E2DDF30A60091E74A /* Release */,
			);
			defaultConfigurationIsVisible = 0;
			defaultConfigurationName = Release;
		};
/* End XCConfigurationList section */
	};
	rootObject = 22F02ED32DDF30A50091E74A /* Project object */;
}
